
Microsoft Visual Studio Solution File, Format Version 12.00
# Visual Studio Version 17
VisualStudioVersion = 17.9.34902.65
MinimumVisualStudioVersion = 10.0.40219.1
Project("{2150E333-8FDC-42A3-9474-1A3956D46DE8}") = "1.Apresentation", "1.Apresentation", "{52FC10A1-2649-4132-AC76-3C6EA9EEEB10}"
EndProject
Project("{2150E333-8FDC-42A3-9474-1A3956D46DE8}") = "2.Application", "2.Application", "{1C890CDC-3407-4AAD-87E7-9080DE41F297}"
EndProject
Project("{2150E333-8FDC-42A3-9474-1A3956D46DE8}") = "3.Domain", "3.Domain", "{D4EB8FFA-646B-4B7A-B58A-ACE6FA142073}"
EndProject
Project("{2150E333-8FDC-42A3-9474-1A3956D46DE8}") = "4.DomainCore", "4.DomainCore", "{CD591E89-B970-4377-8E8F-C386EA5998D2}"
EndProject
Project("{2150E333-8FDC-42A3-9474-1A3956D46DE8}") = "5.Service", "5.Service", "{C37927F5-0A60-4534-98E0-2A5F2C6E0184}"
EndProject
Project("{2150E333-8FDC-42A3-9474-1A3956D46DE8}") = "6.Infrastructure", "6.Infrastructure", "{7181C5CE-0890-430C-866B-6554C69D6A71}"
EndProject
Project("{9A19103F-16F7-4668-BE54-9A1E7A4F7556}") = "PicPay.Simplificado.Api", "src\PicPay.Simplificado.Api\PicPay.Simplificado.Api.csproj", "{2018B924-60D5-4ADD-9C24-C799CB89F8F1}"
EndProject
Project("{9A19103F-16F7-4668-BE54-9A1E7A4F7556}") = "PicPay.Simplificado.Application", "src\PicPay.Simplificado.Application\PicPay.Simplificado.Application.csproj", "{3604E732-D517-41D4-92C7-7188577C0C77}"
EndProject
Project("{9A19103F-16F7-4668-BE54-9A1E7A4F7556}") = "PicPay.Simplificado.Domain", "src\PicPay.Simplificado.Domain\PicPay.Simplificado.Domain.csproj", "{631FFB52-A383-4550-8F5A-94E5C17D0F2F}"
EndProject
Project("{9A19103F-16F7-4668-BE54-9A1E7A4F7556}") = "PicPay.Simplificado.Domain.Core", "src\PicPay.Simplificado.Domain.Core\PicPay.Simplificado.Domain.Core.csproj", "{48DCBC3E-F473-401A-8C26-707C1ACB3A2B}"
EndProject
Project("{9A19103F-16F7-4668-BE54-9A1E7A4F7556}") = "PicPay.Simplificado.Service", "src\PicPay.Simplificado.Service\PicPay.Simplificado.Service.csproj", "{BE2D1447-CAEE-4F50-A3BD-CAEEFAD4F192}"
EndProject
Project("{9A19103F-16F7-4668-BE54-9A1E7A4F7556}") = "PicPay.Simplificado.Infrastructure", "src\PicPay.Simplificado.Infrastructure\PicPay.Simplificado.Infrastructure.csproj", "{85DC45ED-143C-4D15-89EA-0D03B4F5C15F}"
EndProject
Global
	GlobalSection(SolutionConfigurationPlatforms) = preSolution
		Debug|Any CPU = Debug|Any CPU
		Release|Any CPU = Release|Any CPU
	EndGlobalSection
	GlobalSection(ProjectConfigurationPlatforms) = postSolution
		{2018B924-60D5-4ADD-9C24-C799CB89F8F1}.Debug|Any CPU.ActiveCfg = Debug|Any CPU
		{2018B924-60D5-4ADD-9C24-C799CB89F8F1}.Debug|Any CPU.Build.0 = Debug|Any CPU
		{2018B924-60D5-4ADD-9C24-C799CB89F8F1}.Release|Any CPU.ActiveCfg = Release|Any CPU
		{2018B924-60D5-4ADD-9C24-C799CB89F8F1}.Release|Any CPU.Build.0 = Release|Any CPU
		{3604E732-D517-41D4-92C7-7188577C0C77}.Debug|Any CPU.ActiveCfg = Debug|Any CPU
		{3604E732-D517-41D4-92C7-7188577C0C77}.Debug|Any CPU.Build.0 = Debug|Any CPU
		{3604E732-D517-41D4-92C7-7188577C0C77}.Release|Any CPU.ActiveCfg = Release|Any CPU
		{3604E732-D517-41D4-92C7-7188577C0C77}.Release|Any CPU.Build.0 = Release|Any CPU
		{631FFB52-A383-4550-8F5A-94E5C17D0F2F}.Debug|Any CPU.ActiveCfg = Debug|Any CPU
		{631FFB52-A383-4550-8F5A-94E5C17D0F2F}.Debug|Any CPU.Build.0 = Debug|Any CPU
		{631FFB52-A383-4550-8F5A-94E5C17D0F2F}.Release|Any CPU.ActiveCfg = Release|Any CPU
		{631FFB52-A383-4550-8F5A-94E5C17D0F2F}.Release|Any CPU.Build.0 = Release|Any CPU
		{48DCBC3E-F473-401A-8C26-707C1ACB3A2B}.Debug|Any CPU.ActiveCfg = Debug|Any CPU
		{48DCBC3E-F473-401A-8C26-707C1ACB3A2B}.Debug|Any CPU.Build.0 = Debug|Any CPU
		{48DCBC3E-F473-401A-8C26-707C1ACB3A2B}.Release|Any CPU.ActiveCfg = Release|Any CPU
		{48DCBC3E-F473-401A-8C26-707C1ACB3A2B}.Release|Any CPU.Build.0 = Release|Any CPU
		{BE2D1447-CAEE-4F50-A3BD-CAEEFAD4F192}.Debug|Any CPU.ActiveCfg = Debug|Any CPU
		{BE2D1447-CAEE-4F50-A3BD-CAEEFAD4F192}.Debug|Any CPU.Build.0 = Debug|Any CPU
		{BE2D1447-CAEE-4F50-A3BD-CAEEFAD4F192}.Release|Any CPU.ActiveCfg = Release|Any CPU
		{BE2D1447-CAEE-4F50-A3BD-CAEEFAD4F192}.Release|Any CPU.Build.0 = Release|Any CPU
		{85DC45ED-143C-4D15-89EA-0D03B4F5C15F}.Debug|Any CPU.ActiveCfg = Debug|Any CPU
		{85DC45ED-143C-4D15-89EA-0D03B4F5C15F}.Debug|Any CPU.Build.0 = Debug|Any CPU
		{85DC45ED-143C-4D15-89EA-0D03B4F5C15F}.Release|Any CPU.ActiveCfg = Release|Any CPU
		{85DC45ED-143C-4D15-89EA-0D03B4F5C15F}.Release|Any CPU.Build.0 = Release|Any CPU
	EndGlobalSection
	GlobalSection(SolutionProperties) = preSolution
		HideSolutionNode = FALSE
	EndGlobalSection
	GlobalSection(NestedProjects) = preSolution
		{2018B924-60D5-4ADD-9C24-C799CB89F8F1} = {52FC10A1-2649-4132-AC76-3C6EA9EEEB10}
		{3604E732-D517-41D4-92C7-7188577C0C77} = {1C890CDC-3407-4AAD-87E7-9080DE41F297}
		{631FFB52-A383-4550-8F5A-94E5C17D0F2F} = {D4EB8FFA-646B-4B7A-B58A-ACE6FA142073}
		{48DCBC3E-F473-401A-8C26-707C1ACB3A2B} = {CD591E89-B970-4377-8E8F-C386EA5998D2}
		{BE2D1447-CAEE-4F50-A3BD-CAEEFAD4F192} = {C37927F5-0A60-4534-98E0-2A5F2C6E0184}
		{85DC45ED-143C-4D15-89EA-0D03B4F5C15F} = {7181C5CE-0890-430C-866B-6554C69D6A71}
	EndGlobalSection
	GlobalSection(ExtensibilityGlobals) = postSolution
		SolutionGuid = {E2E7C487-C0CA-4AD2-A037-5E3EBE035023}
	EndGlobalSection
EndGlobal
